<?xml version="1.0" encoding="utf-8"?>
<Project ToolsVersion="4.0" xmlns="http://schemas.microsoft.com/developer/msbuild/2003">
  <ItemGroup>
    <Filter Include="cpp">
      <UniqueIdentifier>{969fb465-d83b-4faf-bcdd-39f8bd785d14}</UniqueIdentifier>
    </Filter>
    <Filter Include="h">
      <UniqueIdentifier>{dd5d487e-d18c-48eb-958b-c46899907b81}</UniqueIdentifier>
    </Filter>
  </ItemGroup>
  <ItemGroup>
    <ClCompile Include="camera.cpp">
      <Filter>cpp</Filter>
    </ClCompile>
    <ClCompile Include="InitEverything.cpp">
      <Filter>cpp</Filter>
    </ClCompile>
    <ClCompile Include="GameManager.cpp">
      <Filter>cpp</Filter>
    </ClCompile>
    <ClCompile Include="Render.cpp">
      <Filter>cpp</Filter>
    </ClCompile>
    <ClCompile Include="WinMain.cpp">
      <Filter>cpp</Filter>
    </ClCompile>
    <ClCompile Include="ObjList.cpp" />
  </ItemGroup>
  <ItemGroup>
    <ClInclude Include="camera.h">
      <Filter>h</Filter>
    </ClInclude>
    <ClInclude Include="InitEverything.h">
      <Filter>h</Filter>
    </ClInclude>
    <ClInclude Include="GameManager.h">
      <Filter>h</Filter>
    </ClInclude>
    <ClInclude Include="Render.h">
      <Filter>h</Filter>
    </ClInclude>
    <ClInclude Include="WinMain.h">
      <Filter>h</Filter>
    </ClInclude>
    <ClInclude Include="ObjList.h" />
  </ItemGroup>
</Project>